<?xml version="1.0" encoding="utf-8"?>
<Project ToolsVersion="4.0" xmlns="http://schemas.microsoft.com/developer/msbuild/2003">
  <ItemGroup>
    <Filter Include="Fichiers sources">
      <UniqueIdentifier>{4FC737F1-C7A5-4376-A066-2A32D752A2FF}</UniqueIdentifier>
      <Extensions>cpp;c;cc;cxx;c++;cppm;ixx;def;odl;idl;hpj;bat;asm;asmx</Extensions>
    </Filter>
    <Filter Include="Fichiers d%27en-tête">
      <UniqueIdentifier>{93995380-89BD-4b04-88EB-625FBE52EBFB}</UniqueIdentifier>
      <Extensions>h;hh;hpp;hxx;h++;hm;inl;inc;ipp;xsd</Extensions>
    </Filter>
    <Filter Include="Fichiers de ressources">
      <UniqueIdentifier>{67DA6AB6-F800-4c08-8B7A-83BB121AAD01}</UniqueIdentifier>
      <Extensions>rc;ico;cur;bmp;dlg;rc2;rct;bin;rgs;gif;jpg;jpeg;jpe;resx;tiff;tif;png;wav;mfcribbon-ms</Extensions>
    </Filter>
    <Filter Include="Fichiers sources\security">
      <UniqueIdentifier>{5c94db16-e042-4b4c-8c4e-fb00877de8d4}</UniqueIdentifier>
    </Filter>
    <Filter Include="Fichiers sources\minhook">
      <UniqueIdentifier>{1e38ef91-1849-4824-aeeb-1b88cf3fba60}</UniqueIdentifier>
    </Filter>
    <Filter Include="Fichiers sources\minhook\hde">
      <UniqueIdentifier>{45d21cd4-43c3-4d8f-98d7-76a6ec17812b}</UniqueIdentifier>
    </Filter>
  </ItemGroup>
  <ItemGroup>
    <ClCompile Include="main.cpp">
      <Filter>Fichiers sources</Filter>
    </ClCompile>
    <ClCompile Include="hooks.cpp">
      <Filter>Fichiers sources</Filter>
    </ClCompile>
    <ClCompile Include="utils.cpp">
      <Filter>Fichiers sources</Filter>
    </ClCompile>
    <ClCompile Include="veh.cpp">
      <Filter>Fichiers sources</Filter>
    </ClCompile>
    <ClCompile Include="context.cpp">
      <Filter>Fichiers sources</Filter>
    </ClCompile>
    <ClCompile Include="minhook\src\buffer.c">
      <Filter>Fichiers sources\minhook</Filter>
    </ClCompile>
    <ClCompile Include="minhook\src\hook.c">
      <Filter>Fichiers sources\minhook</Filter>
    </ClCompile>
    <ClCompile Include="minhook\src\trampoline.c">
      <Filter>Fichiers sources\minhook</Filter>
    </ClCompile>
    <ClCompile Include="minhook\src\hde\hde32.c">
      <Filter>Fichiers sources\minhook\hde</Filter>
    </ClCompile>
    <ClCompile Include="minhook\src\hde\hde64.c">
      <Filter>Fichiers sources\minhook\hde</Filter>
    </ClCompile>
  </ItemGroup>
  <ItemGroup>
    <ClInclude Include="structs.h">
      <Filter>Fichiers sources</Filter>
    </ClInclude>
    <ClInclude Include="utils.h">
      <Filter>Fichiers sources</Filter>
    </ClInclude>
    <ClInclude Include="security\eraser.hpp">
      <Filter>Fichiers sources\security</Filter>
    </ClInclude>
    <ClInclude Include="security\hash.h">
      <Filter>Fichiers sources\security</Filter>
    </ClInclude>
    <ClInclude Include="security\instr.h">
      <Filter>Fichiers sources\security</Filter>
    </ClInclude>
    <ClInclude Include="security\lazy.hpp">
      <Filter>Fichiers sources\security</Filter>
    </ClInclude>
    <ClInclude Include="security\xorstr.hpp">
      <Filter>Fichiers sources\security</Filter>
    </ClInclude>
    <ClInclude Include="veh.h">
      <Filter>Fichiers sources</Filter>
    </ClInclude>
    <ClInclude Include="hooks.h">
      <Filter>Fichiers sources</Filter>
    </ClInclude>
    <ClInclude Include="context.h">
      <Filter>Fichiers sources</Filter>
    </ClInclude>
    <ClInclude Include="minhook\src\buffer.h">
      <Filter>Fichiers sources\minhook</Filter>
    </ClInclude>
    <ClInclude Include="minhook\src\trampoline.h">
      <Filter>Fichiers sources\minhook</Filter>
    </ClInclude>
    <ClInclude Include="minhook\src\hde\hde32.h">
      <Filter>Fichiers sources\minhook\hde</Filter>
    </ClInclude>
    <ClInclude Include="minhook\src\hde\hde64.h">
      <Filter>Fichiers sources\minhook\hde</Filter>
    </ClInclude>
    <ClInclude Include="minhook\src\hde\pstdint.h">
      <Filter>Fichiers sources\minhook\hde</Filter>
    </ClInclude>
    <ClInclude Include="minhook\src\hde\table32.h">
      <Filter>Fichiers sources\minhook\hde</Filter>
    </ClInclude>
    <ClInclude Include="minhook\src\hde\table64.h">
      <Filter>Fichiers sources\minhook\hde</Filter>
    </ClInclude>
  </ItemGroup>
</Project>